{
  "name": "measure-lib",
  "version": "0.0.1",
  "lockfileVersion": 1,
  "requires": true,
  "dependencies": {
    "@types/node": {
      "version": "8.0.55",
      "resolved": "https://registry.npmjs.org/@types/node/-/node-8.0.55.tgz",
      "integrity": "sha512-K8w0FWNsIRcw615d/Et90wMRvLfg8XH1T77fC0xObbusE3+eXwnitdoF9j0CS9zBt8A57J/TKgRVe7RX9ZlT1g=="
    },
    "@types/rpio": {
      "version": "0.0.1",
      "resolved": "https://registry.npmjs.org/@types/rpio/-/rpio-0.0.1.tgz",
      "integrity": "sha1-+Hdu3xPYKXqChWDU+NqvHbJad1c=",
      "dev": true,
      "requires": {
        "@types/node": "8.0.55"
      }
    },
    "@types/sleep": {
      "version": "0.0.7",
      "resolved": "https://registry.npmjs.org/@types/sleep/-/sleep-0.0.7.tgz",
      "integrity": "sha512-zYXnuRzGcHg+f6M1ECSmJsnLeq4tLAakGC1NwqiWk8QNjybMjXOy9+YH7zV7xrQRsrautl7R4JgmovEQKh9xVA==",
      "dev": true
    },
    "bindings": {
      "version": "1.3.0",
      "resolved": "https://registry.npmjs.org/bindings/-/bindings-1.3.0.tgz",
      "integrity": "sha512-DpLh5EzMR2kzvX1KIlVC0VkC3iZtHKTgdtZ0a3pglBZdaQFjt5S9g9xd1lE+YvXyfd6mtCeRnrUfOLYiTMlNSw=="
    },
    "nan": {
      "version": "2.8.0",
      "resolved": "https://registry.npmjs.org/nan/-/nan-2.8.0.tgz",
      "integrity": "sha1-7XFfP+neArV6XmJS2QqWZ14fCFo="
    },
    "rpio": {
      "version": "0.9.19",
      "resolved": "https://registry.npmjs.org/rpio/-/rpio-0.9.19.tgz",
      "integrity": "sha1-FxtsClVVuerq0xd5Lt2HMWil2Nw=",
      "requires": {
        "bindings": "1.3.0",
        "nan": "2.8.0"
      }
    },
    "sleep": {
      "version": "5.1.1",
      "resolved": "https://registry.npmjs.org/sleep/-/sleep-5.1.1.tgz",
      "integrity": "sha1-h4+h1E0I7rDyb7IBjvhinrGjq5Q=",
      "requires": {
        "nan": "2.8.0"
      }
    }
  }
}
